
Microsoft Visual Studio Solution File, Format Version 12.00
# Visual Studio Version 16
VisualStudioVersion = 16.0.30717.126
MinimumVisualStudioVersion = 10.0.40219.1
Project("{FAE04EC0-301F-11D3-BF4B-00C04F79EFBC}") = "notAFK", "notAFK\notAFK.csproj", "{9780F420-1B40-4E4A-A081-AC28EB6314E5}"
EndProject
Global
	GlobalSection(SolutionConfigurationPlatforms) = preSolution
		Debug|Any CPU = Debug|Any CPU
		Release|Any CPU = Release|Any CPU
	EndGlobalSection
	GlobalSection(ProjectConfigurationPlatforms) = postSolution
		{9780F420-1B40-4E4A-A081-AC28EB6314E5}.Debug|Any CPU.ActiveCfg = Debug|Any CPU
		{9780F420-1B40-4E4A-A081-AC28EB6314E5}.Debug|Any CPU.Build.0 = Debug|Any CPU
		{9780F420-1B40-4E4A-A081-AC28EB6314E5}.Release|Any CPU.ActiveCfg = Release|Any CPU
		{9780F420-1B40-4E4A-A081-AC28EB6314E5}.Release|Any CPU.Build.0 = Release|Any CPU
	EndGlobalSection
	GlobalSection(SolutionProperties) = preSolution
		HideSolutionNode = FALSE
	EndGlobalSection
	GlobalSection(ExtensibilityGlobals) = postSolution
		SolutionGuid = {EE5F5FC4-49DB-478F-9B6B-6D8A22211709}
	EndGlobalSection
EndGlobal
